// !$*UTF8*$!
{
	archiveVersion = 1;
	classes = {
	};
	objectVersion = 46;
	objects = {

/* Begin PBXBuildFile section */
		D8EBFF071B4D6E9E000CFD34 /* main.m in Sources */ = {isa = PBXBuildFile; fileRef = D8EBFF061B4D6E9E000CFD34 /* main.m */; };
		D8EBFF0A1B4D6E9E000CFD34 /* AppDelegate.m in Sources */ = {isa = PBXBuildFile; fileRef = D8EBFF091B4D6E9E000CFD34 /* AppDelegate.m */; };
		D8EBFF101B4D6E9E000CFD34 /* Main.storyboard in Resources */ = {isa = PBXBuildFile; fileRef = D8EBFF0E1B4D6E9E000CFD34 /* Main.storyboard */; };
		D8EBFF121B4D6E9E000CFD34 /* Images.xcassets in Resources */ = {isa = PBXBuildFile; fileRef = D8EBFF111B4D6E9E000CFD34 /* Images.xcassets */; };
		D8EBFF151B4D6E9E000CFD34 /* LaunchScreen.xib in Resources */ = {isa = PBXBuildFile; fileRef = D8EBFF131B4D6E9E000CFD34 /* LaunchScreen.xib */; };
		D8EBFF211B4D6E9E000CFD34 /* Out_of_This_WorldTests.m in Sources */ = {isa = PBXBuildFile; fileRef = D8EBFF201B4D6E9E000CFD34 /* Out_of_This_WorldTests.m */; };
		D8EBFF2C1B4D6F1B000CFD34 /* OuterSpaceTableViewController.m in Sources */ = {isa = PBXBuildFile; fileRef = D8EBFF2B1B4D6F1B000CFD34 /* OuterSpaceTableViewController.m */; };
		D8EBFF2F1B4D8193000CFD34 /* AstronomicalData.m in Sources */ = {isa = PBXBuildFile; fileRef = D8EBFF2E1B4D8193000CFD34 /* AstronomicalData.m */; };
		D8EBFF341B4D9EA4000CFD34 /* SpaceObject.m in Sources */ = {isa = PBXBuildFile; fileRef = D8EBFF331B4D9EA4000CFD34 /* SpaceObject.m */; };
		D8EBFF811B4EC23C000CFD34 /* SpaceImageViewController.m in Sources */ = {isa = PBXBuildFile; fileRef = D8EBFF801B4EC23C000CFD34 /* SpaceImageViewController.m */; };
/* End PBXBuildFile section */

/* Begin PBXContainerItemProxy section */
		D8EBFF1B1B4D6E9E000CFD34 /* PBXContainerItemProxy */ = {
			isa = PBXContainerItemProxy;
			containerPortal = D8EBFEF91B4D6E9E000CFD34 /* Project object */;
			proxyType = 1;
			remoteGlobalIDString = D8EBFF001B4D6E9E000CFD34;
			remoteInfo = "Out of This World";
		};
/* End PBXContainerItemProxy section */

/* Begin PBXFileReference section */
		D8EBFF011B4D6E9E000CFD34 /* Out of This World.app */ = {isa = PBXFileReference; explicitFileType = wrapper.application; includeInIndex = 0; path = "Out of This World.app"; sourceTree = BUILT_PRODUCTS_DIR; };
		D8EBFF051B4D6E9E000CFD34 /* Info.plist */ = {isa = PBXFileReference; lastKnownFileType = text.plist.xml; path = Info.plist; sourceTree = "<group>"; };
		D8EBFF061B4D6E9E000CFD34 /* main.m */ = {isa = PBXFileReference; lastKnownFileType = sourcecode.c.objc; path = main.m; sourceTree = "<group>"; };
		D8EBFF081B4D6E9E000CFD34 /* AppDelegate.h */ = {isa = PBXFileReference; lastKnownFileType = sourcecode.c.h; path = AppDelegate.h; sourceTree = "<group>"; };
		D8EBFF091B4D6E9E000CFD34 /* AppDelegate.m */ = {isa = PBXFileReference; lastKnownFileType = sourcecode.c.objc; path = AppDelegate.m; sourceTree = "<group>"; };
		D8EBFF0F1B4D6E9E000CFD34 /* Base */ = {isa = PBXFileReference; lastKnownFileType = file.storyboard; name = Base; path = Base.lproj/Main.storyboard; sourceTree = "<group>"; };
		D8EBFF111B4D6E9E000CFD34 /* Images.xcassets */ = {isa = PBXFileReference; lastKnownFileType = folder.assetcatalog; path = Images.xcassets; sourceTree = "<group>"; };
		D8EBFF141B4D6E9E000CFD34 /* Base */ = {isa = PBXFileReference; lastKnownFileType = file.xib; name = Base; path = Base.lproj/LaunchScreen.xib; sourceTree = "<group>"; };
		D8EBFF1A1B4D6E9E000CFD34 /* Out of This WorldTests.xctest */ = {isa = PBXFileReference; explicitFileType = wrapper.cfbundle; includeInIndex = 0; path = "Out of This WorldTests.xctest"; sourceTree = BUILT_PRODUCTS_DIR; };
		D8EBFF1F1B4D6E9E000CFD34 /* Info.plist */ = {isa = PBXFileReference; lastKnownFileType = text.plist.xml; path = Info.plist; sourceTree = "<group>"; };
		D8EBFF201B4D6E9E000CFD34 /* Out_of_This_WorldTests.m */ = {isa = PBXFileReference; lastKnownFileType = sourcecode.c.objc; path = Out_of_This_WorldTests.m; sourceTree = "<group>"; };
		D8EBFF2A1B4D6F1B000CFD34 /* OuterSpaceTableViewController.h */ = {isa = PBXFileReference; fileEncoding = 4; lastKnownFileType = sourcecode.c.h; path = OuterSpaceTableViewController.h; sourceTree = "<group>"; };
		D8EBFF2B1B4D6F1B000CFD34 /* OuterSpaceTableViewController.m */ = {isa = PBXFileReference; fileEncoding = 4; lastKnownFileType = sourcecode.c.objc; path = OuterSpaceTableViewController.m; sourceTree = "<group>"; };
		D8EBFF2D1B4D8193000CFD34 /* AstronomicalData.h */ = {isa = PBXFileReference; fileEncoding = 4; lastKnownFileType = sourcecode.c.h; path = AstronomicalData.h; sourceTree = "<group>"; };
		D8EBFF2E1B4D8193000CFD34 /* AstronomicalData.m */ = {isa = PBXFileReference; fileEncoding = 4; lastKnownFileType = sourcecode.c.objc; path = AstronomicalData.m; sourceTree = "<group>"; };
		D8EBFF321B4D9EA4000CFD34 /* SpaceObject.h */ = {isa = PBXFileReference; fileEncoding = 4; lastKnownFileType = sourcecode.c.h; path = SpaceObject.h; sourceTree = "<group>"; };
		D8EBFF331B4D9EA4000CFD34 /* SpaceObject.m */ = {isa = PBXFileReference; fileEncoding = 4; lastKnownFileType = sourcecode.c.objc; path = SpaceObject.m; sourceTree = "<group>"; };
		D8EBFF7F1B4EC23C000CFD34 /* SpaceImageViewController.h */ = {isa = PBXFileReference; fileEncoding = 4; lastKnownFileType = sourcecode.c.h; path = SpaceImageViewController.h; sourceTree = "<group>"; };
		D8EBFF801B4EC23C000CFD34 /* SpaceImageViewController.m */ = {isa = PBXFileReference; fileEncoding = 4; lastKnownFileType = sourcecode.c.objc; path = SpaceImageViewController.m; sourceTree = "<group>"; };
/* End PBXFileReference section */

/* Begin PBXFrameworksBuildPhase section */
		D8EBFEFE1B4D6E9E000CFD34 /* Frameworks */ = {
			isa = PBXFrameworksBuildPhase;
			buildActionMask = 2147483647;
			files = (
			);
			runOnlyForDeploymentPostprocessing = 0;
		};
		D8EBFF171B4D6E9E000CFD34 /* Frameworks */ = {
			isa = PBXFrameworksBuildPhase;
			buildActionMask = 2147483647;
			files = (
			);
			runOnlyForDeploymentPostprocessing = 0;
		};
/* End PBXFrameworksBuildPhase section */

/* Begin PBXGroup section */
		D8EBFEF81B4D6E9E000CFD34 = {
			isa = PBXGroup;
			children = (
				D8EBFF031B4D6E9E000CFD34 /* Out of This World */,
				D8EBFF1D1B4D6E9E000CFD34 /* Out of This WorldTests */,
				D8EBFF021B4D6E9E000CFD34 /* Products */,
			);
			sourceTree = "<group>";
		};
		D8EBFF021B4D6E9E000CFD34 /* Products */ = {
			isa = PBXGroup;
			children = (
				D8EBFF011B4D6E9E000CFD34 /* Out of This World.app */,
				D8EBFF1A1B4D6E9E000CFD34 /* Out of This WorldTests.xctest */,
			);
			name = Products;
			sourceTree = "<group>";
		};
		D8EBFF031B4D6E9E000CFD34 /* Out of This World */ = {
			isa = PBXGroup;
			children = (
				D8EBFF081B4D6E9E000CFD34 /* AppDelegate.h */,
				D8EBFF091B4D6E9E000CFD34 /* AppDelegate.m */,
				D8EBFF0E1B4D6E9E000CFD34 /* Main.storyboard */,
				D8EBFF7E1B4EC21D000CFD34 /* Model */,
				D8EBFF821B4EC240000CFD34 /* Controller */,
				D8EBFF111B4D6E9E000CFD34 /* Images.xcassets */,
				D8EBFF131B4D6E9E000CFD34 /* LaunchScreen.xib */,
				D8EBFF041B4D6E9E000CFD34 /* Supporting Files */,
			);
			path = "Out of This World";
			sourceTree = "<group>";
		};
		D8EBFF041B4D6E9E000CFD34 /* Supporting Files */ = {
			isa = PBXGroup;
			children = (
				D8EBFF051B4D6E9E000CFD34 /* Info.plist */,
				D8EBFF061B4D6E9E000CFD34 /* main.m */,
			);
			name = "Supporting Files";
			sourceTree = "<group>";
		};
		D8EBFF1D1B4D6E9E000CFD34 /* Out of This WorldTests */ = {
			isa = PBXGroup;
			children = (
				D8EBFF201B4D6E9E000CFD34 /* Out_of_This_WorldTests.m */,
				D8EBFF1E1B4D6E9E000CFD34 /* Supporting Files */,
			);
			path = "Out of This WorldTests";
			sourceTree = "<group>";
		};
		D8EBFF1E1B4D6E9E000CFD34 /* Supporting Files */ = {
			isa = PBXGroup;
			children = (
				D8EBFF1F1B4D6E9E000CFD34 /* Info.plist */,
			);
			name = "Supporting Files";
			sourceTree = "<group>";
		};
		D8EBFF7E1B4EC21D000CFD34 /* Model */ = {
			isa = PBXGroup;
			children = (
				D8EBFF2D1B4D8193000CFD34 /* AstronomicalData.h */,
				D8EBFF2E1B4D8193000CFD34 /* AstronomicalData.m */,
				D8EBFF321B4D9EA4000CFD34 /* SpaceObject.h */,
				D8EBFF331B4D9EA4000CFD34 /* SpaceObject.m */,
			);
			name = Model;
			sourceTree = "<group>";
		};
		D8EBFF821B4EC240000CFD34 /* Controller */ = {
			isa = PBXGroup;
			children = (
				D8EBFF2A1B4D6F1B000CFD34 /* OuterSpaceTableViewController.h */,
				D8EBFF2B1B4D6F1B000CFD34 /* OuterSpaceTableViewController.m */,
				D8EBFF7F1B4EC23C000CFD34 /* SpaceImageViewController.h */,
				D8EBFF801B4EC23C000CFD34 /* SpaceImageViewController.m */,
			);
			name = Controller;
			sourceTree = "<group>";
		};
/* End PBXGroup section */

/* Begin PBXNativeTarget section */
		D8EBFF001B4D6E9E000CFD34 /* Out of This World */ = {
			isa = PBXNativeTarget;
			buildConfigurationList = D8EBFF241B4D6E9E000CFD34 /* Build configuration list for PBXNativeTarget "Out of This World" */;
			buildPhases = (
				D8EBFEFD1B4D6E9E000CFD34 /* Sources */,
				D8EBFEFE1B4D6E9E000CFD34 /* Frameworks */,
				D8EBFEFF1B4D6E9E000CFD34 /* Resources */,
			);
			buildRules = (
			);
			dependencies = (
			);
			name = "Out of This World";
			productName = "Out of This World";
			productReference = D8EBFF011B4D6E9E000CFD34 /* Out of This World.app */;
			productType = "com.apple.product-type.application";
		};
		D8EBFF191B4D6E9E000CFD34 /* Out of This WorldTests */ = {
			isa = PBXNativeTarget;
			buildConfigurationList = D8EBFF271B4D6E9E000CFD34 /* Build configuration list for PBXNativeTarget "Out of This WorldTests" */;
			buildPhases = (
				D8EBFF161B4D6E9E000CFD34 /* Sources */,
				D8EBFF171B4D6E9E000CFD34 /* Frameworks */,
				D8EBFF181B4D6E9E000CFD34 /* Resources */,
			);
			buildRules = (
			);
			dependencies = (
				D8EBFF1C1B4D6E9E000CFD34 /* PBXTargetDependency */,
			);
			name = "Out of This WorldTests";
			productName = "Out of This WorldTests";
			productReference = D8EBFF1A1B4D6E9E000CFD34 /* Out of This WorldTests.xctest */;
			productType = "com.apple.product-type.bundle.unit-test";
		};
/* End PBXNativeTarget section */

/* Begin PBXProject section */
		D8EBFEF91B4D6E9E000CFD34 /* Project object */ = {
			isa = PBXProject;
			attributes = {
				LastUpgradeCheck = 0640;
				ORGANIZATIONNAME = "Joe Lucero";
				TargetAttributes = {
					D8EBFF001B4D6E9E000CFD34 = {
						CreatedOnToolsVersion = 6.4;
					};
					D8EBFF191B4D6E9E000CFD34 = {
						CreatedOnToolsVersion = 6.4;
						TestTargetID = D8EBFF001B4D6E9E000CFD34;
					};
				};
			};
			buildConfigurationList = D8EBFEFC1B4D6E9E000CFD34 /* Build configuration list for PBXProject "Out of This World" */;
			compatibilityVersion = "Xcode 3.2";
			developmentRegion = English;
			hasScannedForEncodings = 0;
			knownRegions = (
				en,
				Base,
			);
			mainGroup = D8EBFEF81B4D6E9E000CFD34;
			productRefGroup = D8EBFF021B4D6E9E000CFD34 /* Products */;
			projectDirPath = "";
			projectRoot = "";
			targets = (
				D8EBFF001B4D6E9E000CFD34 /* Out of This World */,
				D8EBFF191B4D6E9E000CFD34 /* Out of This WorldTests */,
			);
		};
/* End PBXProject section */

/* Begin PBXResourcesBuildPhase section */
		D8EBFEFF1B4D6E9E000CFD34 /* Resources */ = {
			isa = PBXResourcesBuildPhase;
			buildActionMask = 2147483647;
			files = (
				D8EBFF101B4D6E9E000CFD34 /* Main.storyboard in Resources */,
				D8EBFF151B4D6E9E000CFD34 /* LaunchScreen.xib in Resources */,
				D8EBFF121B4D6E9E000CFD34 /* Images.xcassets in Resources */,
			);
			runOnlyForDeploymentPostprocessing = 0;
		};
		D8EBFF181B4D6E9E000CFD34 /* Resources */ = {
			isa = PBXResourcesBuildPhase;
			buildActionMask = 2147483647;
			files = (
			);
			runOnlyForDeploymentPostprocessing = 0;
		};
/* End PBXResourcesBuildPhase section */

/* Begin PBXSourcesBuildPhase section */
		D8EBFEFD1B4D6E9E000CFD34 /* Sources */ = {
			isa = PBXSourcesBuildPhase;
			buildActionMask = 2147483647;
			files = (
				D8EBFF2C1B4D6F1B000CFD34 /* OuterSpaceTableViewController.m in Sources */,
				D8EBFF0A1B4D6E9E000CFD34 /* AppDelegate.m in Sources */,
				D8EBFF071B4D6E9E000CFD34 /* main.m in Sources */,
				D8EBFF2F1B4D8193000CFD34 /* AstronomicalData.m in Sources */,
				D8EBFF341B4D9EA4000CFD34 /* SpaceObject.m in Sources */,
				D8EBFF811B4EC23C000CFD34 /* SpaceImageViewController.m in Sources */,
			);
			runOnlyForDeploymentPostprocessing = 0;
		};
		D8EBFF161B4D6E9E000CFD34 /* Sources */ = {
			isa = PBXSourcesBuildPhase;
			buildActionMask = 2147483647;
			files = (
				D8EBFF211B4D6E9E000CFD34 /* Out_of_This_WorldTests.m in Sources */,
			);
			runOnlyForDeploymentPostprocessing = 0;
		};
/* End PBXSourcesBuildPhase section */

/* Begin PBXTargetDependency section */
		D8EBFF1C1B4D6E9E000CFD34 /* PBXTargetDependency */ = {
			isa = PBXTargetDependency;
			target = D8EBFF001B4D6E9E000CFD34 /* Out of This World */;
			targetProxy = D8EBFF1B1B4D6E9E000CFD34 /* PBXContainerItemProxy */;
		};
/* End PBXTargetDependency section */

/* Begin PBXVariantGroup section */
		D8EBFF0E1B4D6E9E000CFD34 /* Main.storyboard */ = {
			isa = PBXVariantGroup;
			children = (
				D8EBFF0F1B4D6E9E000CFD34 /* Base */,
			);
			name = Main.storyboard;
			sourceTree = "<group>";
		};
		D8EBFF131B4D6E9E000CFD34 /* LaunchScreen.xib */ = {
			isa = PBXVariantGroup;
			children = (
				D8EBFF141B4D6E9E000CFD34 /* Base */,
			);
			name = LaunchScreen.xib;
			sourceTree = "<group>";
		};
/* End PBXVariantGroup section */

/* Begin XCBuildConfiguration section */
		D8EBFF221B4D6E9E000CFD34 /* Debug */ = {
			isa = XCBuildConfiguration;
			buildSettings = {
				ALWAYS_SEARCH_USER_PATHS = NO;
				CLANG_CXX_LANGUAGE_STANDARD = "gnu++0x";
				CLANG_CXX_LIBRARY = "libc++";
				CLANG_ENABLE_MODULES = YES;
				CLANG_ENABLE_OBJC_ARC = YES;
				CLANG_WARN_BOOL_CONVERSION = YES;
				CLANG_WARN_CONSTANT_CONVERSION = YES;
				CLANG_WARN_DIRECT_OBJC_ISA_USAGE = YES_ERROR;
				CLANG_WARN_EMPTY_BODY = YES;
				CLANG_WARN_ENUM_CONVERSION = YES;
				CLANG_WARN_INT_CONVERSION = YES;
				CLANG_WARN_OBJC_ROOT_CLASS = YES_ERROR;
				CLANG_WARN_UNREACHABLE_CODE = YES;
				CLANG_WARN__DUPLICATE_METHOD_MATCH = YES;
				"CODE_SIGN_IDENTITY[sdk=iphoneos*]" = "iPhone Developer";
				COPY_PHASE_STRIP = NO;
				DEBUG_INFORMATION_FORMAT = "dwarf-with-dsym";
				ENABLE_STRICT_OBJC_MSGSEND = YES;
				GCC_C_LANGUAGE_STANDARD = gnu99;
				GCC_DYNAMIC_NO_PIC = NO;
				GCC_NO_COMMON_BLOCKS = YES;
				GCC_OPTIMIZATION_LEVEL = 0;
				GCC_PREPROCESSOR_DEFINITIONS = (
					"DEBUG=1",
					"$(inherited)",
				);
				GCC_SYMBOLS_PRIVATE_EXTERN = NO;
				GCC_WARN_64_TO_32_BIT_CONVERSION = YES;
				GCC_WARN_ABOUT_RETURN_TYPE = YES_ERROR;
				GCC_WARN_UNDECLARED_SELECTOR = YES;
				GCC_WARN_UNINITIALIZED_AUTOS = YES_AGGRESSIVE;
				GCC_WARN_UNUSED_FUNCTION = YES;
				GCC_WARN_UNUSED_VARIABLE = YES;
				IPHONEOS_DEPLOYMENT_TARGET = 8.4;
				MTL_ENABLE_DEBUG_INFO = YES;
				ONLY_ACTIVE_ARCH = YES;
				SDKROOT = iphoneos;
				TARGETED_DEVICE_FAMILY = "1,2";
			};
			name = Debug;
		};
		D8EBFF231B4D6E9E000CFD34 /* Release */ = {
			isa = XCBuildConfiguration;
			buildSettings = {
				ALWAYS_SEARCH_USER_PATHS = NO;
				CLANG_CXX_LANGUAGE_STANDARD = "gnu++0x";
				CLANG_CXX_LIBRARY = "libc++";
				CLANG_ENABLE_MODULES = YES;
				CLANG_ENABLE_OBJC_ARC = YES;
				CLANG_WARN_BOOL_CONVERSION = YES;
				CLANG_WARN_CONSTANT_CONVERSION = YES;
				CLANG_WARN_DIRECT_OBJC_ISA_USAGE = YES_ERROR;
				CLANG_WARN_EMPTY_BODY = YES;
				CLANG_WARN_ENUM_CONVERSION = YES;
				CLANG_WARN_INT_CONVERSION = YES;
				CLANG_WARN_OBJC_ROOT_CLASS = YES_ERROR;
				CLANG_WARN_UNREACHABLE_CODE = YES;
				CLANG_WARN__DUPLICATE_METHOD_MATCH = YES;
				"CODE_SIGN_IDENTITY[sdk=iphoneos*]" = "iPhone Developer";
				COPY_PHASE_STRIP = NO;
				DEBUG_INFORMATION_FORMAT = "dwarf-with-dsym";
				ENABLE_NS_ASSERTIONS = NO;
				ENABLE_STRICT_OBJC_MSGSEND = YES;
				GCC_C_LANGUAGE_STANDARD = gnu99;
				GCC_NO_COMMON_BLOCKS = YES;
				GCC_WARN_64_TO_32_BIT_CONVERSION = YES;
				GCC_WARN_ABOUT_RETURN_TYPE = YES_ERROR;
				GCC_WARN_UNDECLARED_SELECTOR = YES;
				GCC_WARN_UNINITIALIZED_AUTOS = YES_AGGRESSIVE;
				GCC_WARN_UNUSED_FUNCTION = YES;
				GCC_WARN_UNUSED_VARIABLE = YES;
				IPHONEOS_DEPLOYMENT_TARGET = 8.4;
				MTL_ENABLE_DEBUG_INFO = NO;
				SDKROOT = iphoneos;
				TARGETED_DEVICE_FAMILY = "1,2";
				VALIDATE_PRODUCT = YES;
			};
			name = Release;
		};
		D8EBFF251B4D6E9E000CFD34 /* Debug */ = {
			isa = XCBuildConfiguration;
			buildSettings = {
				ASSETCATALOG_COMPILER_APPICON_NAME = AppIcon;
				INFOPLIST_FILE = "Out of This World/Info.plist";
				LD_RUNPATH_SEARCH_PATHS = "$(inherited) @executable_path/Frameworks";
				PRODUCT_NAME = "$(TARGET_NAME)";
			};
			name = Debug;
		};
		D8EBFF261B4D6E9E000CFD34 /* Release */ = {
			isa = XCBuildConfiguration;
			buildSettings = {
				ASSETCATALOG_COMPILER_APPICON_NAME = AppIcon;
				INFOPLIST_FILE = "Out of This World/Info.plist";
				LD_RUNPATH_SEARCH_PATHS = "$(inherited) @executable_path/Frameworks";
				PRODUCT_NAME = "$(TARGET_NAME)";
			};
			name = Release;
		};
		D8EBFF281B4D6E9E000CFD34 /* Debug */ = {
			isa = XCBuildConfiguration;
			buildSettings = {
				BUNDLE_LOADER = "$(TEST_HOST)";
				FRAMEWORK_SEARCH_PATHS = (
					"$(SDKROOT)/Developer/Library/Frameworks",
					"$(inherited)",
				);
				GCC_PREPROCESSOR_DEFINITIONS = (
					"DEBUG=1",
					"$(inherited)",
				);
				INFOPLIST_FILE = "Out of This WorldTests/Info.plist";
				LD_RUNPATH_SEARCH_PATHS = "$(inherited) @executable_path/Frameworks @loader_path/Frameworks";
				PRODUCT_NAME = "$(TARGET_NAME)";
				TEST_HOST = "$(BUILT_PRODUCTS_DIR)/Out of This World.app/Out of This World";
			};
			name = Debug;
		};
		D8EBFF291B4D6E9E000CFD34 /* Release */ = {
			isa = XCBuildConfiguration;
			buildSettings = {
				BUNDLE_LOADER = "$(TEST_HOST)";
				FRAMEWORK_SEARCH_PATHS = (
					"$(SDKROOT)/Developer/Library/Frameworks",
					"$(inherited)",
				);
				INFOPLIST_FILE = "Out of This WorldTests/Info.plist";
				LD_RUNPATH_SEARCH_PATHS = "$(inherited) @executable_path/Frameworks @loader_path/Frameworks";
				PRODUCT_NAME = "$(TARGET_NAME)";
				TEST_HOST = "$(BUILT_PRODUCTS_DIR)/Out of This World.app/Out of This World";
			};
			name = Release;
		};
/* End XCBuildConfiguration section */

/* Begin XCConfigurationList section */
		D8EBFEFC1B4D6E9E000CFD34 /* Build configuration list for PBXProject "Out of This World" */ = {
			isa = XCConfigurationList;
			buildConfigurations = (
				D8EBFF221B4D6E9E000CFD34 /* Debug */,
				D8EBFF231B4D6E9E000CFD34 /* Release */,
			);
			defaultConfigurationIsVisible = 0;
			defaultConfigurationName = Release;
		};
		D8EBFF241B4D6E9E000CFD34 /* Build configuration list for PBXNativeTarget "Out of This World" */ = {
			isa = XCConfigurationList;
			buildConfigurations = (
				D8EBFF251B4D6E9E000CFD34 /* Debug */,
				D8EBFF261B4D6E9E000CFD34 /* Release */,
			);
			defaultConfigurationIsVisible = 0;
		};
		D8EBFF271B4D6E9E000CFD34 /* Build configuration list for PBXNativeTarget "Out of This WorldTests" */ = {
			isa = XCConfigurationList;
			buildConfigurations = (
				D8EBFF281B4D6E9E000CFD34 /* Debug */,
				D8EBFF291B4D6E9E000CFD34 /* Release */,
			);
			defaultConfigurationIsVisible = 0;
		};
/* End XCConfigurationList section */
	};
	rootObject = D8EBFEF91B4D6E9E000CFD34 /* Project object */;
}
